PODS:
  - Alamofire (5.4.4)
  - Mockit (1.5.0)
  - Nimble (9.2.1)
  - Quick (4.0.0)
  - Starscream (4.0.4)

DEPENDENCIES:
  - Alamofire
  - Mockit
  - Nimble
  - Quick
  - Starscream

SPEC REPOS:
  trunk:
    - Alamofire
    - Mockit
    - Nimble
    - Quick
    - Starscream

SPEC CHECKSUMS:
  Alamofire: f3b09a368f1582ab751b3fff5460276e0d2cf5c9
  Mockit: 09492d654a2945096603d76ea77b131bdcfb2233
  Nimble: e7e615c0335ee4bf5b0d786685451e62746117d5
  Quick: 6473349e43b9271a8d43839d9ba1c442ed1b7ac4
  Starscream: 5178aed56b316f13fa3bc55694e583d35dd414d9

PODFILE CHECKSUM: 8cfb1fef9f5267a2491b93bc836d7622db3f8310

COCOAPODS: 1.11.2
