PODS:
  - Alamofire (4.9.1)
  - Mockit (1.5.0)
  - Nimble (8.0.5)
  - Quick (2.2.0)
  - Starscream (4.0.0)

DEPENDENCIES:
  - Alamofire
  - Mockit
  - Nimble
  - Quick
  - Starscream

SPEC REPOS:
  trunk:
    - Alamofire
    - Mockit
    - Nimble
    - Quick
    - Starscream

SPEC CHECKSUMS:
  Alamofire: 85e8a02c69d6020a0d734f6054870d7ecb75cf18
  Mockit: 09492d654a2945096603d76ea77b131bdcfb2233
  Nimble: 4ab1aeb9b45553c75b9687196b0fa0713170a332
  Quick: 7fb19e13be07b5dfb3b90d4f9824c855a11af40e
  Starscream: 04b26f02727e10a002e6b5d21b188ba0d049910b

PODFILE CHECKSUM: fbb16c39d93e3b98af81f291ed56343951baef5b

COCOAPODS: 1.8.4
