PODS:
  - Alamofire (5.2.2)
  - SignalRSwift (2.1.7):
    - Alamofire
    - Starscream
  - Starscream (4.0.4)

DEPENDENCIES:
  - SignalRSwift (from `../`)

SPEC REPOS:
  trunk:
    - Alamofire
    - Starscream

EXTERNAL SOURCES:
  SignalRSwift:
    :path: "../"

SPEC CHECKSUMS:
  Alamofire: 814429acc853c6c54ff123fc3d2ef66803823ce0
  SignalRSwift: 3cd1c763f16006ad3dd7bec4fc48d32691937a91
  Starscream: 5178aed56b316f13fa3bc55694e583d35dd414d9

PODFILE CHECKSUM: b21ec611911e40f8919863b5c067ce599c15f03e

COCOAPODS: 1.9.3
