PODS:
  - Alamofire (4.6.0)
  - SignalRSwift (2.0.1):
    - Alamofire (~> 4.2)
    - Starscream (~> 3.0)
  - Starscream (3.0.3)

DEPENDENCIES:
  - SignalRSwift (from `../`)

EXTERNAL SOURCES:
  SignalRSwift:
    :path: ../

SPEC CHECKSUMS:
  Alamofire: f41a599bd63041760b26d393ec1069d9d7b917f4
  SignalRSwift: 92b0536d81f0dea4bb3f941adea7422dc26886e8
  Starscream: dfb1b3f39506717ee52b67fb48de0c8269504cbc

PODFILE CHECKSUM: 0b670b9c4ac8d7df99f98ba1a30595cebc4466a9

COCOAPODS: 1.3.1
